// !$*UTF8*$!
{
	archiveVersion = 1;
	classes = {
	};
	objectVersion = 50;
	objects = {

/* Begin PBXBuildFile section */
		8CCF2D0826FB7B580081E655 /* AppDelegate.swift in Sources */ = {isa = PBXBuildFile; fileRef = 8CCF2D0726FB7B580081E655 /* AppDelegate.swift */; };
		8CCF2D0A26FB7B580081E655 /* SceneDelegate.swift in Sources */ = {isa = PBXBuildFile; fileRef = 8CCF2D0926FB7B580081E655 /* SceneDelegate.swift */; };
		8CCF2D0C26FB7B580081E655 /* ViewController.swift in Sources */ = {isa = PBXBuildFile; fileRef = 8CCF2D0B26FB7B580081E655 /* ViewController.swift */; };
		8CCF2D0F26FB7B580081E655 /* Main.storyboard in Resources */ = {isa = PBXBuildFile; fileRef = 8CCF2D0D26FB7B580081E655 /* Main.storyboard */; };
		8CCF2D1126FB7B5B0081E655 /* Assets.xcassets in Resources */ = {isa = PBXBuildFile; fileRef = 8CCF2D1026FB7B5B0081E655 /* Assets.xcassets */; };
		8CCF2D1426FB7B5B0081E655 /* LaunchScreen.storyboard in Resources */ = {isa = PBXBuildFile; fileRef = 8CCF2D1226FB7B5B0081E655 /* LaunchScreen.storyboard */; };
		8CCF2D1F26FB7B5B0081E655 /* NycSchoolsTests.swift in Sources */ = {isa = PBXBuildFile; fileRef = 8CCF2D1E26FB7B5B0081E655 /* NycSchoolsTests.swift */; };
		8CCF2D2A26FB7B5B0081E655 /* NycSchoolsUITests.swift in Sources */ = {isa = PBXBuildFile; fileRef = 8CCF2D2926FB7B5B0081E655 /* NycSchoolsUITests.swift */; };
		8CCF2D3B26FB7B8A0081E655 /* NetworkManager.swift in Sources */ = {isa = PBXBuildFile; fileRef = 8CCF2D3A26FB7B8A0081E655 /* NetworkManager.swift */; };
		8CCF2D4026FB7BAE0081E655 /* NYCSchoolResponse.swift in Sources */ = {isa = PBXBuildFile; fileRef = 8CCF2D3F26FB7BAE0081E655 /* NYCSchoolResponse.swift */; };
		8CCF2D4626FB7E500081E655 /* NYCSchoolsTableViewCell.swift in Sources */ = {isa = PBXBuildFile; fileRef = 8CCF2D4426FB7E500081E655 /* NYCSchoolsTableViewCell.swift */; };
		8CCF2D4726FB7E500081E655 /* NYCSchoolsTableViewCell.xib in Resources */ = {isa = PBXBuildFile; fileRef = 8CCF2D4526FB7E500081E655 /* NYCSchoolsTableViewCell.xib */; };
		8CCF2D5626FB84BF0081E655 /* SATResponse.swift in Sources */ = {isa = PBXBuildFile; fileRef = 8CCF2D5526FB84BF0081E655 /* SATResponse.swift */; };
		8CCF2D5D26FB851F0081E655 /* SATScoreTableViewCell.xib in Resources */ = {isa = PBXBuildFile; fileRef = 8CCF2D5B26FB851F0081E655 /* SATScoreTableViewCell.xib */; };
		8CCF2D7726FC155E0081E655 /* CustomError.swift in Sources */ = {isa = PBXBuildFile; fileRef = 8CCF2D7626FC155E0081E655 /* CustomError.swift */; };
		8CCF2D7D26FC164C0081E655 /* SATDetailViewController.swift in Sources */ = {isa = PBXBuildFile; fileRef = 8CCF2D7C26FC164C0081E655 /* SATDetailViewController.swift */; };
/* End PBXBuildFile section */

/* Begin PBXContainerItemProxy section */
		8CCF2D1B26FB7B5B0081E655 /* PBXContainerItemProxy */ = {
			isa = PBXContainerItemProxy;
			containerPortal = 8CCF2CFC26FB7B580081E655 /* Project object */;
			proxyType = 1;
			remoteGlobalIDString = 8CCF2D0326FB7B580081E655;
			remoteInfo = NycSchools;
		};
		8CCF2D2626FB7B5B0081E655 /* PBXContainerItemProxy */ = {
			isa = PBXContainerItemProxy;
			containerPortal = 8CCF2CFC26FB7B580081E655 /* Project object */;
			proxyType = 1;
			remoteGlobalIDString = 8CCF2D0326FB7B580081E655;
			remoteInfo = NycSchools;
		};
/* End PBXContainerItemProxy section */

/* Begin PBXFileReference section */
		8CCF2D0426FB7B580081E655 /* NycSchools.app */ = {isa = PBXFileReference; explicitFileType = wrapper.application; includeInIndex = 0; path = NycSchools.app; sourceTree = BUILT_PRODUCTS_DIR; };
		8CCF2D0726FB7B580081E655 /* AppDelegate.swift */ = {isa = PBXFileReference; lastKnownFileType = sourcecode.swift; path = AppDelegate.swift; sourceTree = "<group>"; };
		8CCF2D0926FB7B580081E655 /* SceneDelegate.swift */ = {isa = PBXFileReference; lastKnownFileType = sourcecode.swift; path = SceneDelegate.swift; sourceTree = "<group>"; };
		8CCF2D0B26FB7B580081E655 /* ViewController.swift */ = {isa = PBXFileReference; lastKnownFileType = sourcecode.swift; path = ViewController.swift; sourceTree = "<group>"; };
		8CCF2D0E26FB7B580081E655 /* Base */ = {isa = PBXFileReference; lastKnownFileType = file.storyboard; name = Base; path = Base.lproj/Main.storyboard; sourceTree = "<group>"; };
		8CCF2D1026FB7B5B0081E655 /* Assets.xcassets */ = {isa = PBXFileReference; lastKnownFileType = folder.assetcatalog; path = Assets.xcassets; sourceTree = "<group>"; };
		8CCF2D1326FB7B5B0081E655 /* Base */ = {isa = PBXFileReference; lastKnownFileType = file.storyboard; name = Base; path = Base.lproj/LaunchScreen.storyboard; sourceTree = "<group>"; };
		8CCF2D1526FB7B5B0081E655 /* Info.plist */ = {isa = PBXFileReference; lastKnownFileType = text.plist.xml; path = Info.plist; sourceTree = "<group>"; };
		8CCF2D1A26FB7B5B0081E655 /* NycSchoolsTests.xctest */ = {isa = PBXFileReference; explicitFileType = wrapper.cfbundle; includeInIndex = 0; path = NycSchoolsTests.xctest; sourceTree = BUILT_PRODUCTS_DIR; };
		8CCF2D1E26FB7B5B0081E655 /* NycSchoolsTests.swift */ = {isa = PBXFileReference; lastKnownFileType = sourcecode.swift; path = NycSchoolsTests.swift; sourceTree = "<group>"; };
		8CCF2D2026FB7B5B0081E655 /* Info.plist */ = {isa = PBXFileReference; lastKnownFileType = text.plist.xml; path = Info.plist; sourceTree = "<group>"; };
		8CCF2D2526FB7B5B0081E655 /* NycSchoolsUITests.xctest */ = {isa = PBXFileReference; explicitFileType = wrapper.cfbundle; includeInIndex = 0; path = NycSchoolsUITests.xctest; sourceTree = BUILT_PRODUCTS_DIR; };
		8CCF2D2926FB7B5B0081E655 /* NycSchoolsUITests.swift */ = {isa = PBXFileReference; lastKnownFileType = sourcecode.swift; path = NycSchoolsUITests.swift; sourceTree = "<group>"; };
		8CCF2D2B26FB7B5B0081E655 /* Info.plist */ = {isa = PBXFileReference; lastKnownFileType = text.plist.xml; path = Info.plist; sourceTree = "<group>"; };
		8CCF2D3A26FB7B8A0081E655 /* NetworkManager.swift */ = {isa = PBXFileReference; lastKnownFileType = sourcecode.swift; path = NetworkManager.swift; sourceTree = "<group>"; };
		8CCF2D3F26FB7BAE0081E655 /* NYCSchoolResponse.swift */ = {isa = PBXFileReference; lastKnownFileType = sourcecode.swift; path = NYCSchoolResponse.swift; sourceTree = "<group>"; };
		8CCF2D4426FB7E500081E655 /* NYCSchoolsTableViewCell.swift */ = {isa = PBXFileReference; lastKnownFileType = sourcecode.swift; path = NYCSchoolsTableViewCell.swift; sourceTree = "<group>"; };
		8CCF2D4526FB7E500081E655 /* NYCSchoolsTableViewCell.xib */ = {isa = PBXFileReference; lastKnownFileType = file.xib; path = NYCSchoolsTableViewCell.xib; sourceTree = "<group>"; };
		8CCF2D5526FB84BF0081E655 /* SATResponse.swift */ = {isa = PBXFileReference; lastKnownFileType = sourcecode.swift; path = SATResponse.swift; sourceTree = "<group>"; };
		8CCF2D5B26FB851F0081E655 /* SATScoreTableViewCell.xib */ = {isa = PBXFileReference; lastKnownFileType = file.xib; path = SATScoreTableViewCell.xib; sourceTree = "<group>"; };
		8CCF2D7626FC155E0081E655 /* CustomError.swift */ = {isa = PBXFileReference; lastKnownFileType = sourcecode.swift; path = CustomError.swift; sourceTree = "<group>"; };
		8CCF2D7C26FC164C0081E655 /* SATDetailViewController.swift */ = {isa = PBXFileReference; lastKnownFileType = sourcecode.swift; path = SATDetailViewController.swift; sourceTree = "<group>"; };
/* End PBXFileReference section */

/* Begin PBXFrameworksBuildPhase section */
		8CCF2D0126FB7B580081E655 /* Frameworks */ = {
			isa = PBXFrameworksBuildPhase;
			buildActionMask = 2147483647;
			files = (
			);
			runOnlyForDeploymentPostprocessing = 0;
		};
		8CCF2D1726FB7B5B0081E655 /* Frameworks */ = {
			isa = PBXFrameworksBuildPhase;
			buildActionMask = 2147483647;
			files = (
			);
			runOnlyForDeploymentPostprocessing = 0;
		};
		8CCF2D2226FB7B5B0081E655 /* Frameworks */ = {
			isa = PBXFrameworksBuildPhase;
			buildActionMask = 2147483647;
			files = (
			);
			runOnlyForDeploymentPostprocessing = 0;
		};
/* End PBXFrameworksBuildPhase section */

/* Begin PBXGroup section */
		8CCF2CFB26FB7B580081E655 = {
			isa = PBXGroup;
			children = (
				8CCF2D7B26FC16190081E655 /* SATScoresDetail */,
				8CCF2D7626FC155E0081E655 /* CustomError.swift */,
				8CCF2D4C26FB81D00081E655 /* NYCAPI */,
				8CCF2D4B26FB817D0081E655 /* SATAPI */,
				8CCF2D0626FB7B580081E655 /* NycSchools */,
				8CCF2D1D26FB7B5B0081E655 /* NycSchoolsTests */,
				8CCF2D2826FB7B5B0081E655 /* NycSchoolsUITests */,
				8CCF2D0526FB7B580081E655 /* Products */,
			);
			sourceTree = "<group>";
		};
		8CCF2D0526FB7B580081E655 /* Products */ = {
			isa = PBXGroup;
			children = (
				8CCF2D0426FB7B580081E655 /* NycSchools.app */,
				8CCF2D1A26FB7B5B0081E655 /* NycSchoolsTests.xctest */,
				8CCF2D2526FB7B5B0081E655 /* NycSchoolsUITests.xctest */,
			);
			name = Products;
			sourceTree = "<group>";
		};
		8CCF2D0626FB7B580081E655 /* NycSchools */ = {
			isa = PBXGroup;
			children = (
				8CCF2D3A26FB7B8A0081E655 /* NetworkManager.swift */,
				8CCF2D0B26FB7B580081E655 /* ViewController.swift */,
				8CCF2D0D26FB7B580081E655 /* Main.storyboard */,
				8CCF2D0726FB7B580081E655 /* AppDelegate.swift */,
				8CCF2D0926FB7B580081E655 /* SceneDelegate.swift */,
				8CCF2D1026FB7B5B0081E655 /* Assets.xcassets */,
				8CCF2D1226FB7B5B0081E655 /* LaunchScreen.storyboard */,
				8CCF2D1526FB7B5B0081E655 /* Info.plist */,
			);
			path = NycSchools;
			sourceTree = "<group>";
		};
		8CCF2D1D26FB7B5B0081E655 /* NycSchoolsTests */ = {
			isa = PBXGroup;
			children = (
				8CCF2D1E26FB7B5B0081E655 /* NycSchoolsTests.swift */,
				8CCF2D2026FB7B5B0081E655 /* Info.plist */,
			);
			path = NycSchoolsTests;
			sourceTree = "<group>";
		};
		8CCF2D2826FB7B5B0081E655 /* NycSchoolsUITests */ = {
			isa = PBXGroup;
			children = (
				8CCF2D2926FB7B5B0081E655 /* NycSchoolsUITests.swift */,
				8CCF2D2B26FB7B5B0081E655 /* Info.plist */,
			);
			path = NycSchoolsUITests;
			sourceTree = "<group>";
		};
		8CCF2D4B26FB817D0081E655 /* SATAPI */ = {
			isa = PBXGroup;
			children = (
				8CCF2D5B26FB851F0081E655 /* SATScoreTableViewCell.xib */,
				8CCF2D5526FB84BF0081E655 /* SATResponse.swift */,
			);
			path = SATAPI;
			sourceTree = "<group>";
		};
		8CCF2D4C26FB81D00081E655 /* NYCAPI */ = {
			isa = PBXGroup;
			children = (
				8CCF2D3F26FB7BAE0081E655 /* NYCSchoolResponse.swift */,
				8CCF2D4526FB7E500081E655 /* NYCSchoolsTableViewCell.xib */,
				8CCF2D4426FB7E500081E655 /* NYCSchoolsTableViewCell.swift */,
			);
			path = NYCAPI;
			sourceTree = "<group>";
		};
		8CCF2D7B26FC16190081E655 /* SATScoresDetail */ = {
			isa = PBXGroup;
			children = (
				8CCF2D7C26FC164C0081E655 /* SATDetailViewController.swift */,
			);
			path = SATScoresDetail;
			sourceTree = "<group>";
		};
/* End PBXGroup section */

/* Begin PBXNativeTarget section */
		8CCF2D0326FB7B580081E655 /* NycSchools */ = {
			isa = PBXNativeTarget;
			buildConfigurationList = 8CCF2D2E26FB7B5B0081E655 /* Build configuration list for PBXNativeTarget "NycSchools" */;
			buildPhases = (
				8CCF2D0026FB7B580081E655 /* Sources */,
				8CCF2D0126FB7B580081E655 /* Frameworks */,
				8CCF2D0226FB7B580081E655 /* Resources */,
			);
			buildRules = (
			);
			dependencies = (
			);
			name = NycSchools;
			productName = NycSchools;
			productReference = 8CCF2D0426FB7B580081E655 /* NycSchools.app */;
			productType = "com.apple.product-type.application";
		};
		8CCF2D1926FB7B5B0081E655 /* NycSchoolsTests */ = {
			isa = PBXNativeTarget;
			buildConfigurationList = 8CCF2D3126FB7B5B0081E655 /* Build configuration list for PBXNativeTarget "NycSchoolsTests" */;
			buildPhases = (
				8CCF2D1626FB7B5B0081E655 /* Sources */,
				8CCF2D1726FB7B5B0081E655 /* Frameworks */,
				8CCF2D1826FB7B5B0081E655 /* Resources */,
			);
			buildRules = (
			);
			dependencies = (
				8CCF2D1C26FB7B5B0081E655 /* PBXTargetDependency */,
			);
			name = NycSchoolsTests;
			productName = NycSchoolsTests;
			productReference = 8CCF2D1A26FB7B5B0081E655 /* NycSchoolsTests.xctest */;
			productType = "com.apple.product-type.bundle.unit-test";
		};
		8CCF2D2426FB7B5B0081E655 /* NycSchoolsUITests */ = {
			isa = PBXNativeTarget;
			buildConfigurationList = 8CCF2D3426FB7B5B0081E655 /* Build configuration list for PBXNativeTarget "NycSchoolsUITests" */;
			buildPhases = (
				8CCF2D2126FB7B5B0081E655 /* Sources */,
				8CCF2D2226FB7B5B0081E655 /* Frameworks */,
				8CCF2D2326FB7B5B0081E655 /* Resources */,
			);
			buildRules = (
			);
			dependencies = (
				8CCF2D2726FB7B5B0081E655 /* PBXTargetDependency */,
			);
			name = NycSchoolsUITests;
			productName = NycSchoolsUITests;
			productReference = 8CCF2D2526FB7B5B0081E655 /* NycSchoolsUITests.xctest */;
			productType = "com.apple.product-type.bundle.ui-testing";
		};
/* End PBXNativeTarget section */

/* Begin PBXProject section */
		8CCF2CFC26FB7B580081E655 /* Project object */ = {
			isa = PBXProject;
			attributes = {
				LastSwiftUpdateCheck = 1240;
				LastUpgradeCheck = 1240;
				TargetAttributes = {
					8CCF2D0326FB7B580081E655 = {
						CreatedOnToolsVersion = 12.4;
					};
					8CCF2D1926FB7B5B0081E655 = {
						CreatedOnToolsVersion = 12.4;
						TestTargetID = 8CCF2D0326FB7B580081E655;
					};
					8CCF2D2426FB7B5B0081E655 = {
						CreatedOnToolsVersion = 12.4;
						TestTargetID = 8CCF2D0326FB7B580081E655;
					};
				};
			};
			buildConfigurationList = 8CCF2CFF26FB7B580081E655 /* Build configuration list for PBXProject "NycSchools" */;
			compatibilityVersion = "Xcode 9.3";
			developmentRegion = en;
			hasScannedForEncodings = 0;
			knownRegions = (
				en,
				Base,
			);
			mainGroup = 8CCF2CFB26FB7B580081E655;
			productRefGroup = 8CCF2D0526FB7B580081E655 /* Products */;
			projectDirPath = "";
			projectRoot = "";
			targets = (
				8CCF2D0326FB7B580081E655 /* NycSchools */,
				8CCF2D1926FB7B5B0081E655 /* NycSchoolsTests */,
				8CCF2D2426FB7B5B0081E655 /* NycSchoolsUITests */,
			);
		};
/* End PBXProject section */

/* Begin PBXResourcesBuildPhase section */
		8CCF2D0226FB7B580081E655 /* Resources */ = {
			isa = PBXResourcesBuildPhase;
			buildActionMask = 2147483647;
			files = (
				8CCF2D4726FB7E500081E655 /* NYCSchoolsTableViewCell.xib in Resources */,
				8CCF2D1426FB7B5B0081E655 /* LaunchScreen.storyboard in Resources */,
				8CCF2D1126FB7B5B0081E655 /* Assets.xcassets in Resources */,
				8CCF2D0F26FB7B580081E655 /* Main.storyboard in Resources */,
				8CCF2D5D26FB851F0081E655 /* SATScoreTableViewCell.xib in Resources */,
			);
			runOnlyForDeploymentPostprocessing = 0;
		};
		8CCF2D1826FB7B5B0081E655 /* Resources */ = {
			isa = PBXResourcesBuildPhase;
			buildActionMask = 2147483647;
			files = (
			);
			runOnlyForDeploymentPostprocessing = 0;
		};
		8CCF2D2326FB7B5B0081E655 /* Resources */ = {
			isa = PBXResourcesBuildPhase;
			buildActionMask = 2147483647;
			files = (
			);
			runOnlyForDeploymentPostprocessing = 0;
		};
/* End PBXResourcesBuildPhase section */

/* Begin PBXSourcesBuildPhase section */
		8CCF2D0026FB7B580081E655 /* Sources */ = {
			isa = PBXSourcesBuildPhase;
			buildActionMask = 2147483647;
			files = (
				8CCF2D3B26FB7B8A0081E655 /* NetworkManager.swift in Sources */,
				8CCF2D7D26FC164C0081E655 /* SATDetailViewController.swift in Sources */,
				8CCF2D4026FB7BAE0081E655 /* NYCSchoolResponse.swift in Sources */,
				8CCF2D4626FB7E500081E655 /* NYCSchoolsTableViewCell.swift in Sources */,
				8CCF2D5626FB84BF0081E655 /* SATResponse.swift in Sources */,
				8CCF2D7726FC155E0081E655 /* CustomError.swift in Sources */,
				8CCF2D0C26FB7B580081E655 /* ViewController.swift in Sources */,
				8CCF2D0826FB7B580081E655 /* AppDelegate.swift in Sources */,
				8CCF2D0A26FB7B580081E655 /* SceneDelegate.swift in Sources */,
			);
			runOnlyForDeploymentPostprocessing = 0;
		};
		8CCF2D1626FB7B5B0081E655 /* Sources */ = {
			isa = PBXSourcesBuildPhase;
			buildActionMask = 2147483647;
			files = (
				8CCF2D1F26FB7B5B0081E655 /* NycSchoolsTests.swift in Sources */,
			);
			runOnlyForDeploymentPostprocessing = 0;
		};
		8CCF2D2126FB7B5B0081E655 /* Sources */ = {
			isa = PBXSourcesBuildPhase;
			buildActionMask = 2147483647;
			files = (
				8CCF2D2A26FB7B5B0081E655 /* NycSchoolsUITests.swift in Sources */,
			);
			runOnlyForDeploymentPostprocessing = 0;
		};
/* End PBXSourcesBuildPhase section */

/* Begin PBXTargetDependency section */
		8CCF2D1C26FB7B5B0081E655 /* PBXTargetDependency */ = {
			isa = PBXTargetDependency;
			target = 8CCF2D0326FB7B580081E655 /* NycSchools */;
			targetProxy = 8CCF2D1B26FB7B5B0081E655 /* PBXContainerItemProxy */;
		};
		8CCF2D2726FB7B5B0081E655 /* PBXTargetDependency */ = {
			isa = PBXTargetDependency;
			target = 8CCF2D0326FB7B580081E655 /* NycSchools */;
			targetProxy = 8CCF2D2626FB7B5B0081E655 /* PBXContainerItemProxy */;
		};
/* End PBXTargetDependency section */

/* Begin PBXVariantGroup section */
		8CCF2D0D26FB7B580081E655 /* Main.storyboard */ = {
			isa = PBXVariantGroup;
			children = (
				8CCF2D0E26FB7B580081E655 /* Base */,
			);
			name = Main.storyboard;
			sourceTree = "<group>";
		};
		8CCF2D1226FB7B5B0081E655 /* LaunchScreen.storyboard */ = {
			isa = PBXVariantGroup;
			children = (
				8CCF2D1326FB7B5B0081E655 /* Base */,
			);
			name = LaunchScreen.storyboard;
			sourceTree = "<group>";
		};
/* End PBXVariantGroup section */

/* Begin XCBuildConfiguration section */
		8CCF2D2C26FB7B5B0081E655 /* Debug */ = {
			isa = XCBuildConfiguration;
			buildSettings = {
				ALWAYS_SEARCH_USER_PATHS = NO;
				CLANG_ANALYZER_NONNULL = YES;
				CLANG_ANALYZER_NUMBER_OBJECT_CONVERSION = YES_AGGRESSIVE;
				CLANG_CXX_LANGUAGE_STANDARD = "gnu++14";
				CLANG_CXX_LIBRARY = "libc++";
				CLANG_ENABLE_MODULES = YES;
				CLANG_ENABLE_OBJC_ARC = YES;
				CLANG_ENABLE_OBJC_WEAK = YES;
				CLANG_WARN_BLOCK_CAPTURE_AUTORELEASING = YES;
				CLANG_WARN_BOOL_CONVERSION = YES;
				CLANG_WARN_COMMA = YES;
				CLANG_WARN_CONSTANT_CONVERSION = YES;
				CLANG_WARN_DEPRECATED_OBJC_IMPLEMENTATIONS = YES;
				CLANG_WARN_DIRECT_OBJC_ISA_USAGE = YES_ERROR;
				CLANG_WARN_DOCUMENTATION_COMMENTS = YES;
				CLANG_WARN_EMPTY_BODY = YES;
				CLANG_WARN_ENUM_CONVERSION = YES;
				CLANG_WARN_INFINITE_RECURSION = YES;
				CLANG_WARN_INT_CONVERSION = YES;
				CLANG_WARN_NON_LITERAL_NULL_CONVERSION = YES;
				CLANG_WARN_OBJC_IMPLICIT_RETAIN_SELF = YES;
				CLANG_WARN_OBJC_LITERAL_CONVERSION = YES;
				CLANG_WARN_OBJC_ROOT_CLASS = YES_ERROR;
				CLANG_WARN_QUOTED_INCLUDE_IN_FRAMEWORK_HEADER = YES;
				CLANG_WARN_RANGE_LOOP_ANALYSIS = YES;
				CLANG_WARN_STRICT_PROTOTYPES = YES;
				CLANG_WARN_SUSPICIOUS_MOVE = YES;
				CLANG_WARN_UNGUARDED_AVAILABILITY = YES_AGGRESSIVE;
				CLANG_WARN_UNREACHABLE_CODE = YES;
				CLANG_WARN__DUPLICATE_METHOD_MATCH = YES;
				COPY_PHASE_STRIP = NO;
				DEBUG_INFORMATION_FORMAT = dwarf;
				ENABLE_STRICT_OBJC_MSGSEND = YES;
				ENABLE_TESTABILITY = YES;
				GCC_C_LANGUAGE_STANDARD = gnu11;
				GCC_DYNAMIC_NO_PIC = NO;
				GCC_NO_COMMON_BLOCKS = YES;
				GCC_OPTIMIZATION_LEVEL = 0;
				GCC_PREPROCESSOR_DEFINITIONS = (
					"DEBUG=1",
					"$(inherited)",
				);
				GCC_WARN_64_TO_32_BIT_CONVERSION = YES;
				GCC_WARN_ABOUT_RETURN_TYPE = YES_ERROR;
				GCC_WARN_UNDECLARED_SELECTOR = YES;
				GCC_WARN_UNINITIALIZED_AUTOS = YES_AGGRESSIVE;
				GCC_WARN_UNUSED_FUNCTION = YES;
				GCC_WARN_UNUSED_VARIABLE = YES;
				IPHONEOS_DEPLOYMENT_TARGET = 14.4;
				MTL_ENABLE_DEBUG_INFO = INCLUDE_SOURCE;
				MTL_FAST_MATH = YES;
				ONLY_ACTIVE_ARCH = YES;
				SDKROOT = iphoneos;
				SWIFT_ACTIVE_COMPILATION_CONDITIONS = DEBUG;
				SWIFT_OPTIMIZATION_LEVEL = "-Onone";
			};
			name = Debug;
		};
		8CCF2D2D26FB7B5B0081E655 /* Release */ = {
			isa = XCBuildConfiguration;
			buildSettings = {
				ALWAYS_SEARCH_USER_PATHS = NO;
				CLANG_ANALYZER_NONNULL = YES;
				CLANG_ANALYZER_NUMBER_OBJECT_CONVERSION = YES_AGGRESSIVE;
				CLANG_CXX_LANGUAGE_STANDARD = "gnu++14";
				CLANG_CXX_LIBRARY = "libc++";
				CLANG_ENABLE_MODULES = YES;
				CLANG_ENABLE_OBJC_ARC = YES;
				CLANG_ENABLE_OBJC_WEAK = YES;
				CLANG_WARN_BLOCK_CAPTURE_AUTORELEASING = YES;
				CLANG_WARN_BOOL_CONVERSION = YES;
				CLANG_WARN_COMMA = YES;
				CLANG_WARN_CONSTANT_CONVERSION = YES;
				CLANG_WARN_DEPRECATED_OBJC_IMPLEMENTATIONS = YES;
				CLANG_WARN_DIRECT_OBJC_ISA_USAGE = YES_ERROR;
				CLANG_WARN_DOCUMENTATION_COMMENTS = YES;
				CLANG_WARN_EMPTY_BODY = YES;
				CLANG_WARN_ENUM_CONVERSION = YES;
				CLANG_WARN_INFINITE_RECURSION = YES;
				CLANG_WARN_INT_CONVERSION = YES;
				CLANG_WARN_NON_LITERAL_NULL_CONVERSION = YES;
				CLANG_WARN_OBJC_IMPLICIT_RETAIN_SELF = YES;
				CLANG_WARN_OBJC_LITERAL_CONVERSION = YES;
				CLANG_WARN_OBJC_ROOT_CLASS = YES_ERROR;
				CLANG_WARN_QUOTED_INCLUDE_IN_FRAMEWORK_HEADER = YES;
				CLANG_WARN_RANGE_LOOP_ANALYSIS = YES;
				CLANG_WARN_STRICT_PROTOTYPES = YES;
				CLANG_WARN_SUSPICIOUS_MOVE = YES;
				CLANG_WARN_UNGUARDED_AVAILABILITY = YES_AGGRESSIVE;
				CLANG_WARN_UNREACHABLE_CODE = YES;
				CLANG_WARN__DUPLICATE_METHOD_MATCH = YES;
				COPY_PHASE_STRIP = NO;
				DEBUG_INFORMATION_FORMAT = "dwarf-with-dsym";
				ENABLE_NS_ASSERTIONS = NO;
				ENABLE_STRICT_OBJC_MSGSEND = YES;
				GCC_C_LANGUAGE_STANDARD = gnu11;
				GCC_NO_COMMON_BLOCKS = YES;
				GCC_WARN_64_TO_32_BIT_CONVERSION = YES;
				GCC_WARN_ABOUT_RETURN_TYPE = YES_ERROR;
				GCC_WARN_UNDECLARED_SELECTOR = YES;
				GCC_WARN_UNINITIALIZED_AUTOS = YES_AGGRESSIVE;
				GCC_WARN_UNUSED_FUNCTION = YES;
				GCC_WARN_UNUSED_VARIABLE = YES;
				IPHONEOS_DEPLOYMENT_TARGET = 14.4;
				MTL_ENABLE_DEBUG_INFO = NO;
				MTL_FAST_MATH = YES;
				SDKROOT = iphoneos;
				SWIFT_COMPILATION_MODE = wholemodule;
				SWIFT_OPTIMIZATION_LEVEL = "-O";
				VALIDATE_PRODUCT = YES;
			};
			name = Release;
		};
		8CCF2D2F26FB7B5B0081E655 /* Debug */ = {
			isa = XCBuildConfiguration;
			buildSettings = {
				ASSETCATALOG_COMPILER_APPICON_NAME = AppIcon;
				ASSETCATALOG_COMPILER_GLOBAL_ACCENT_COLOR_NAME = AccentColor;
				CODE_SIGN_STYLE = Automatic;
				DEVELOPMENT_TEAM = CRPB5AHSY2;
				INFOPLIST_FILE = NycSchools/Info.plist;
				LD_RUNPATH_SEARCH_PATHS = (
					"$(inherited)",
					"@executable_path/Frameworks",
				);
				PRODUCT_BUNDLE_IDENTIFIER = NateW.NycSchools;
				PRODUCT_NAME = "$(TARGET_NAME)";
				SWIFT_VERSION = 5.0;
				TARGETED_DEVICE_FAMILY = "1,2";
			};
			name = Debug;
		};
		8CCF2D3026FB7B5B0081E655 /* Release */ = {
			isa = XCBuildConfiguration;
			buildSettings = {
				ASSETCATALOG_COMPILER_APPICON_NAME = AppIcon;
				ASSETCATALOG_COMPILER_GLOBAL_ACCENT_COLOR_NAME = AccentColor;
				CODE_SIGN_STYLE = Automatic;
				DEVELOPMENT_TEAM = CRPB5AHSY2;
				INFOPLIST_FILE = NycSchools/Info.plist;
				LD_RUNPATH_SEARCH_PATHS = (
					"$(inherited)",
					"@executable_path/Frameworks",
				);
				PRODUCT_BUNDLE_IDENTIFIER = NateW.NycSchools;
				PRODUCT_NAME = "$(TARGET_NAME)";
				SWIFT_VERSION = 5.0;
				TARGETED_DEVICE_FAMILY = "1,2";
			};
			name = Release;
		};
		8CCF2D3226FB7B5B0081E655 /* Debug */ = {
			isa = XCBuildConfiguration;
			buildSettings = {
				ALWAYS_EMBED_SWIFT_STANDARD_LIBRARIES = YES;
				BUNDLE_LOADER = "$(TEST_HOST)";
				CODE_SIGN_STYLE = Automatic;
				DEVELOPMENT_TEAM = CRPB5AHSY2;
				INFOPLIST_FILE = NycSchoolsTests/Info.plist;
				IPHONEOS_DEPLOYMENT_TARGET = 14.4;
				LD_RUNPATH_SEARCH_PATHS = (
					"$(inherited)",
					"@executable_path/Frameworks",
					"@loader_path/Frameworks",
				);
				PRODUCT_BUNDLE_IDENTIFIER = NateW.NycSchoolsTests;
				PRODUCT_NAME = "$(TARGET_NAME)";
				SWIFT_VERSION = 5.0;
				TARGETED_DEVICE_FAMILY = "1,2";
				TEST_HOST = "$(BUILT_PRODUCTS_DIR)/NycSchools.app/NycSchools";
			};
			name = Debug;
		};
		8CCF2D3326FB7B5B0081E655 /* Release */ = {
			isa = XCBuildConfiguration;
			buildSettings = {
				ALWAYS_EMBED_SWIFT_STANDARD_LIBRARIES = YES;
				BUNDLE_LOADER = "$(TEST_HOST)";
				CODE_SIGN_STYLE = Automatic;
				DEVELOPMENT_TEAM = CRPB5AHSY2;
				INFOPLIST_FILE = NycSchoolsTests/Info.plist;
				IPHONEOS_DEPLOYMENT_TARGET = 14.4;
				LD_RUNPATH_SEARCH_PATHS = (
					"$(inherited)",
					"@executable_path/Frameworks",
					"@loader_path/Frameworks",
				);
				PRODUCT_BUNDLE_IDENTIFIER = NateW.NycSchoolsTests;
				PRODUCT_NAME = "$(TARGET_NAME)";
				SWIFT_VERSION = 5.0;
				TARGETED_DEVICE_FAMILY = "1,2";
				TEST_HOST = "$(BUILT_PRODUCTS_DIR)/NycSchools.app/NycSchools";
			};
			name = Release;
		};
		8CCF2D3526FB7B5B0081E655 /* Debug */ = {
			isa = XCBuildConfiguration;
			buildSettings = {
				ALWAYS_EMBED_SWIFT_STANDARD_LIBRARIES = YES;
				CODE_SIGN_STYLE = Automatic;
				DEVELOPMENT_TEAM = CRPB5AHSY2;
				INFOPLIST_FILE = NycSchoolsUITests/Info.plist;
				LD_RUNPATH_SEARCH_PATHS = (
					"$(inherited)",
					"@executable_path/Frameworks",
					"@loader_path/Frameworks",
				);
				PRODUCT_BUNDLE_IDENTIFIER = NateW.NycSchoolsUITests;
				PRODUCT_NAME = "$(TARGET_NAME)";
				SWIFT_VERSION = 5.0;
				TARGETED_DEVICE_FAMILY = "1,2";
				TEST_TARGET_NAME = NycSchools;
			};
			name = Debug;
		};
		8CCF2D3626FB7B5B0081E655 /* Release */ = {
			isa = XCBuildConfiguration;
			buildSettings = {
				ALWAYS_EMBED_SWIFT_STANDARD_LIBRARIES = YES;
				CODE_SIGN_STYLE = Automatic;
				DEVELOPMENT_TEAM = CRPB5AHSY2;
				INFOPLIST_FILE = NycSchoolsUITests/Info.plist;
				LD_RUNPATH_SEARCH_PATHS = (
					"$(inherited)",
					"@executable_path/Frameworks",
					"@loader_path/Frameworks",
				);
				PRODUCT_BUNDLE_IDENTIFIER = NateW.NycSchoolsUITests;
				PRODUCT_NAME = "$(TARGET_NAME)";
				SWIFT_VERSION = 5.0;
				TARGETED_DEVICE_FAMILY = "1,2";
				TEST_TARGET_NAME = NycSchools;
			};
			name = Release;
		};
/* End XCBuildConfiguration section */

/* Begin XCConfigurationList section */
		8CCF2CFF26FB7B580081E655 /* Build configuration list for PBXProject "NycSchools" */ = {
			isa = XCConfigurationList;
			buildConfigurations = (
				8CCF2D2C26FB7B5B0081E655 /* Debug */,
				8CCF2D2D26FB7B5B0081E655 /* Release */,
			);
			defaultConfigurationIsVisible = 0;
			defaultConfigurationName = Release;
		};
		8CCF2D2E26FB7B5B0081E655 /* Build configuration list for PBXNativeTarget "NycSchools" */ = {
			isa = XCConfigurationList;
			buildConfigurations = (
				8CCF2D2F26FB7B5B0081E655 /* Debug */,
				8CCF2D3026FB7B5B0081E655 /* Release */,
			);
			defaultConfigurationIsVisible = 0;
			defaultConfigurationName = Release;
		};
		8CCF2D3126FB7B5B0081E655 /* Build configuration list for PBXNativeTarget "NycSchoolsTests" */ = {
			isa = XCConfigurationList;
			buildConfigurations = (
				8CCF2D3226FB7B5B0081E655 /* Debug */,
				8CCF2D3326FB7B5B0081E655 /* Release */,
			);
			defaultConfigurationIsVisible = 0;
			defaultConfigurationName = Release;
		};
		8CCF2D3426FB7B5B0081E655 /* Build configuration list for PBXNativeTarget "NycSchoolsUITests" */ = {
			isa = XCConfigurationList;
			buildConfigurations = (
				8CCF2D3526FB7B5B0081E655 /* Debug */,
				8CCF2D3626FB7B5B0081E655 /* Release */,
			);
			defaultConfigurationIsVisible = 0;
			defaultConfigurationName = Release;
		};
/* End XCConfigurationList section */
	};
	rootObject = 8CCF2CFC26FB7B580081E655 /* Project object */;
}
